
Microsoft Visual Studio Solution File, Format Version 12.00
# Visual Studio Version 17
VisualStudioVersion = 17.0.32014.148
MinimumVisualStudioVersion = 10.0.40219.1
Project("{FAE04EC0-301F-11D3-BF4B-00C04F79EFBC}") = "Challenge4", "LinqTest\Challenge4.csproj", "{707C5E1F-DF8C-4EC7-8FA0-E9E8C0186802}"
EndProject
Global
	GlobalSection(SolutionConfigurationPlatforms) = preSolution
		Debug|Any CPU = Debug|Any CPU
		Release|Any CPU = Release|Any CPU
	EndGlobalSection
	GlobalSection(ProjectConfigurationPlatforms) = postSolution
		{707C5E1F-DF8C-4EC7-8FA0-E9E8C0186802}.Debug|Any CPU.ActiveCfg = Debug|Any CPU
		{707C5E1F-DF8C-4EC7-8FA0-E9E8C0186802}.Debug|Any CPU.Build.0 = Debug|Any CPU
		{707C5E1F-DF8C-4EC7-8FA0-E9E8C0186802}.Release|Any CPU.ActiveCfg = Release|Any CPU
		{707C5E1F-DF8C-4EC7-8FA0-E9E8C0186802}.Release|Any CPU.Build.0 = Release|Any CPU
	EndGlobalSection
	GlobalSection(SolutionProperties) = preSolution
		HideSolutionNode = FALSE
	EndGlobalSection
	GlobalSection(ExtensibilityGlobals) = postSolution
		SolutionGuid = {35D6A766-8E36-4BBD-A498-A2CAB6CE9CAE}
	EndGlobalSection
EndGlobal
